// !$*UTF8*$!
{
	archiveVersion = 1;
	classes = {
	};
	objectVersion = 55;
	objects = {

/* Begin PBXBuildFile section */
		0554DC68293F459B0092812F /* AppDelegate.swift in Sources */ = {isa = PBXBuildFile; fileRef = 0554DC67293F459B0092812F /* AppDelegate.swift */; };
		0554DC6A293F459B0092812F /* SceneDelegate.swift in Sources */ = {isa = PBXBuildFile; fileRef = 0554DC69293F459B0092812F /* SceneDelegate.swift */; };
		0554DC71293F459C0092812F /* Assets.xcassets in Resources */ = {isa = PBXBuildFile; fileRef = 0554DC70293F459C0092812F /* Assets.xcassets */; };
		0554DC74293F459C0092812F /* LaunchScreen.storyboard in Resources */ = {isa = PBXBuildFile; fileRef = 0554DC72293F459C0092812F /* LaunchScreen.storyboard */; };
		0554DC7F293F459C0092812F /* PokemonTests.swift in Sources */ = {isa = PBXBuildFile; fileRef = 0554DC7E293F459C0092812F /* PokemonTests.swift */; };
		0554DC89293F459C0092812F /* PokemonUITests.swift in Sources */ = {isa = PBXBuildFile; fileRef = 0554DC88293F459C0092812F /* PokemonUITests.swift */; };
		0554DC8B293F459C0092812F /* PokemonUITestsLaunchTests.swift in Sources */ = {isa = PBXBuildFile; fileRef = 0554DC8A293F459C0092812F /* PokemonUITestsLaunchTests.swift */; };
		0554DC9D293F49D40092812F /* Constants.swift in Sources */ = {isa = PBXBuildFile; fileRef = 0554DC9C293F49D40092812F /* Constants.swift */; };
		0554DC9F293F49F10092812F /* UiViewController+Extension.swift in Sources */ = {isa = PBXBuildFile; fileRef = 0554DC9E293F49F10092812F /* UiViewController+Extension.swift */; };
		0554DCA1293F4A2E0092812F /* UIView+Extension.swift in Sources */ = {isa = PBXBuildFile; fileRef = 0554DCA0293F4A2E0092812F /* UIView+Extension.swift */; };
		0554DCA3293F4A4E0092812F /* UIImageView+Extension.swift in Sources */ = {isa = PBXBuildFile; fileRef = 0554DCA2293F4A4E0092812F /* UIImageView+Extension.swift */; };
		0554DCAD293F4F010092812F /* NiblessViewController.swift in Sources */ = {isa = PBXBuildFile; fileRef = 0554DCAC293F4F010092812F /* NiblessViewController.swift */; };
		0554DCAF293F4F1D0092812F /* NiblessView.swift in Sources */ = {isa = PBXBuildFile; fileRef = 0554DCAE293F4F1D0092812F /* NiblessView.swift */; };
		0554DCB2293F4F5A0092812F /* PokemonTableViewCell.swift in Sources */ = {isa = PBXBuildFile; fileRef = 0554DCB1293F4F5A0092812F /* PokemonTableViewCell.swift */; };
		0593FB89293F5BC700928992 /* PokemonDepentencyContainer.swift in Sources */ = {isa = PBXBuildFile; fileRef = 0593FB88293F5BC700928992 /* PokemonDepentencyContainer.swift */; };
		0593FB8B293F5C1B00928992 /* PokemonListViewController.swift in Sources */ = {isa = PBXBuildFile; fileRef = 0593FB8A293F5C1B00928992 /* PokemonListViewController.swift */; };
		0593FB8D293F5C2E00928992 /* PokemonListViewControllerView.swift in Sources */ = {isa = PBXBuildFile; fileRef = 0593FB8C293F5C2E00928992 /* PokemonListViewControllerView.swift */; };
		0593FB8F293F5C8500928992 /* PokemonViewController.swift in Sources */ = {isa = PBXBuildFile; fileRef = 0593FB8E293F5C8500928992 /* PokemonViewController.swift */; };
		0593FB91293F5CA000928992 /* PokemonViewControllerView.swift in Sources */ = {isa = PBXBuildFile; fileRef = 0593FB90293F5CA000928992 /* PokemonViewControllerView.swift */; };
		0593FB93293F5CF300928992 /* MainViewController.swift in Sources */ = {isa = PBXBuildFile; fileRef = 0593FB92293F5CF300928992 /* MainViewController.swift */; };
		0593FB99293F666900928992 /* MoyaCacheable.swift in Sources */ = {isa = PBXBuildFile; fileRef = 0593FB98293F666900928992 /* MoyaCacheable.swift */; };
		0593FB9B293F668700928992 /* NavigationStepBackResponder.swift in Sources */ = {isa = PBXBuildFile; fileRef = 0593FB9A293F668700928992 /* NavigationStepBackResponder.swift */; };
		0593FB9D293F66AB00928992 /* Dynamic.swift in Sources */ = {isa = PBXBuildFile; fileRef = 0593FB9C293F66AB00928992 /* Dynamic.swift */; };
		0593FBA3293F670900928992 /* MainNavigationResponder.swift in Sources */ = {isa = PBXBuildFile; fileRef = 0593FBA2293F670900928992 /* MainNavigationResponder.swift */; };
		0593FBA5293F673200928992 /* MainView.swift in Sources */ = {isa = PBXBuildFile; fileRef = 0593FBA4293F673200928992 /* MainView.swift */; };
		0593FBAC293F6B8100928992 /* PokemonListPresenter.swift in Sources */ = {isa = PBXBuildFile; fileRef = 0593FBAB293F6B8100928992 /* PokemonListPresenter.swift */; };
		0593FBAF293F6BBB00928992 /* PokemonListRepository.swift in Sources */ = {isa = PBXBuildFile; fileRef = 0593FBAE293F6BBB00928992 /* PokemonListRepository.swift */; };
		0593FBB1293F6BD200928992 /* PokemonListRemoteAPI.swift in Sources */ = {isa = PBXBuildFile; fileRef = 0593FBB0293F6BD200928992 /* PokemonListRemoteAPI.swift */; };
		0593FBB5293F6C1B00928992 /* PokenonTestPokemonListRemoteAPI.swift in Sources */ = {isa = PBXBuildFile; fileRef = 0593FBB4293F6C1B00928992 /* PokenonTestPokemonListRemoteAPI.swift */; };
		0593FBB7293F6C6100928992 /* PokemonListNetworking.swift in Sources */ = {isa = PBXBuildFile; fileRef = 0593FBB6293F6C6100928992 /* PokemonListNetworking.swift */; };
		0593FBB9293F6C7900928992 /* PokemonListNetworkingManager.swift in Sources */ = {isa = PBXBuildFile; fileRef = 0593FBB8293F6C7900928992 /* PokemonListNetworkingManager.swift */; };
		0593FBBF293F6D1400928992 /* PokemonPresenter.swift in Sources */ = {isa = PBXBuildFile; fileRef = 0593FBBE293F6D1400928992 /* PokemonPresenter.swift */; };
		0593FBC2293F6D5E00928992 /* PokemonNetworking.swift in Sources */ = {isa = PBXBuildFile; fileRef = 0593FBC1293F6D5E00928992 /* PokemonNetworking.swift */; };
		0593FBC4293F6E1100928992 /* PokemonNetworkingManager.swift in Sources */ = {isa = PBXBuildFile; fileRef = 0593FBC3293F6E1100928992 /* PokemonNetworkingManager.swift */; };
		0593FBC7293F6E4200928992 /* PokemonRepository.swift in Sources */ = {isa = PBXBuildFile; fileRef = 0593FBC6293F6E4200928992 /* PokemonRepository.swift */; };
		0593FBC9293F6E5B00928992 /* PokemonRemoteAPI.swift in Sources */ = {isa = PBXBuildFile; fileRef = 0593FBC8293F6E5B00928992 /* PokemonRemoteAPI.swift */; };
		0593FBCB293F6E7800928992 /* PokemonTestPokemonRemoteAPI.swift in Sources */ = {isa = PBXBuildFile; fileRef = 0593FBCA293F6E7800928992 /* PokemonTestPokemonRemoteAPI.swift */; };
		7D00F57C2F9DB757AB055A7E /* Pods_PokemonTests.framework in Frameworks */ = {isa = PBXBuildFile; fileRef = 3EAE112B93B69B7426398C55 /* Pods_PokemonTests.framework */; };
		AB8794C66790EF44BB59E392 /* Pods_Pokemon.framework in Frameworks */ = {isa = PBXBuildFile; fileRef = 5577E430EDAC4E50F1B89B70 /* Pods_Pokemon.framework */; };
		F31C80189FCC556DEACBFDD2 /* Pods_Pokemon_PokemonUITests.framework in Frameworks */ = {isa = PBXBuildFile; fileRef = 34F277E05DD6A237D1295DC9 /* Pods_Pokemon_PokemonUITests.framework */; };
/* End PBXBuildFile section */

/* Begin PBXContainerItemProxy section */
		0554DC7B293F459C0092812F /* PBXContainerItemProxy */ = {
			isa = PBXContainerItemProxy;
			containerPortal = 0554DC5C293F459B0092812F /* Project object */;
			proxyType = 1;
			remoteGlobalIDString = 0554DC63293F459B0092812F;
			remoteInfo = Pokemon;
		};
		0554DC85293F459C0092812F /* PBXContainerItemProxy */ = {
			isa = PBXContainerItemProxy;
			containerPortal = 0554DC5C293F459B0092812F /* Project object */;
			proxyType = 1;
			remoteGlobalIDString = 0554DC63293F459B0092812F;
			remoteInfo = Pokemon;
		};
/* End PBXContainerItemProxy section */

/* Begin PBXFileReference section */
		0554DC64293F459B0092812F /* Pokemon.app */ = {isa = PBXFileReference; explicitFileType = wrapper.application; includeInIndex = 0; path = Pokemon.app; sourceTree = BUILT_PRODUCTS_DIR; };
		0554DC67293F459B0092812F /* AppDelegate.swift */ = {isa = PBXFileReference; lastKnownFileType = sourcecode.swift; path = AppDelegate.swift; sourceTree = "<group>"; };
		0554DC69293F459B0092812F /* SceneDelegate.swift */ = {isa = PBXFileReference; lastKnownFileType = sourcecode.swift; path = SceneDelegate.swift; sourceTree = "<group>"; };
		0554DC70293F459C0092812F /* Assets.xcassets */ = {isa = PBXFileReference; lastKnownFileType = folder.assetcatalog; path = Assets.xcassets; sourceTree = "<group>"; };
		0554DC73293F459C0092812F /* Base */ = {isa = PBXFileReference; lastKnownFileType = file.storyboard; name = Base; path = Base.lproj/LaunchScreen.storyboard; sourceTree = "<group>"; };
		0554DC7A293F459C0092812F /* PokemonTests.xctest */ = {isa = PBXFileReference; explicitFileType = wrapper.cfbundle; includeInIndex = 0; path = PokemonTests.xctest; sourceTree = BUILT_PRODUCTS_DIR; };
		0554DC7E293F459C0092812F /* PokemonTests.swift */ = {isa = PBXFileReference; lastKnownFileType = sourcecode.swift; path = PokemonTests.swift; sourceTree = "<group>"; };
		0554DC84293F459C0092812F /* PokemonUITests.xctest */ = {isa = PBXFileReference; explicitFileType = wrapper.cfbundle; includeInIndex = 0; path = PokemonUITests.xctest; sourceTree = BUILT_PRODUCTS_DIR; };
		0554DC88293F459C0092812F /* PokemonUITests.swift */ = {isa = PBXFileReference; lastKnownFileType = sourcecode.swift; path = PokemonUITests.swift; sourceTree = "<group>"; };
		0554DC8A293F459C0092812F /* PokemonUITestsLaunchTests.swift */ = {isa = PBXFileReference; lastKnownFileType = sourcecode.swift; path = PokemonUITestsLaunchTests.swift; sourceTree = "<group>"; };
		0554DC9C293F49D40092812F /* Constants.swift */ = {isa = PBXFileReference; lastKnownFileType = sourcecode.swift; path = Constants.swift; sourceTree = "<group>"; };
		0554DC9E293F49F10092812F /* UiViewController+Extension.swift */ = {isa = PBXFileReference; lastKnownFileType = sourcecode.swift; path = "UiViewController+Extension.swift"; sourceTree = "<group>"; };
		0554DCA0293F4A2E0092812F /* UIView+Extension.swift */ = {isa = PBXFileReference; lastKnownFileType = sourcecode.swift; path = "UIView+Extension.swift"; sourceTree = "<group>"; };
		0554DCA2293F4A4E0092812F /* UIImageView+Extension.swift */ = {isa = PBXFileReference; lastKnownFileType = sourcecode.swift; path = "UIImageView+Extension.swift"; sourceTree = "<group>"; };
		0554DCAC293F4F010092812F /* NiblessViewController.swift */ = {isa = PBXFileReference; lastKnownFileType = sourcecode.swift; path = NiblessViewController.swift; sourceTree = "<group>"; };
		0554DCAE293F4F1D0092812F /* NiblessView.swift */ = {isa = PBXFileReference; lastKnownFileType = sourcecode.swift; path = NiblessView.swift; sourceTree = "<group>"; };
		0554DCB1293F4F5A0092812F /* PokemonTableViewCell.swift */ = {isa = PBXFileReference; lastKnownFileType = sourcecode.swift; path = PokemonTableViewCell.swift; sourceTree = "<group>"; };
		0593FB88293F5BC700928992 /* PokemonDepentencyContainer.swift */ = {isa = PBXFileReference; lastKnownFileType = sourcecode.swift; path = PokemonDepentencyContainer.swift; sourceTree = "<group>"; };
		0593FB8A293F5C1B00928992 /* PokemonListViewController.swift */ = {isa = PBXFileReference; lastKnownFileType = sourcecode.swift; path = PokemonListViewController.swift; sourceTree = "<group>"; };
		0593FB8C293F5C2E00928992 /* PokemonListViewControllerView.swift */ = {isa = PBXFileReference; lastKnownFileType = sourcecode.swift; path = PokemonListViewControllerView.swift; sourceTree = "<group>"; };
		0593FB8E293F5C8500928992 /* PokemonViewController.swift */ = {isa = PBXFileReference; lastKnownFileType = sourcecode.swift; path = PokemonViewController.swift; sourceTree = "<group>"; };
		0593FB90293F5CA000928992 /* PokemonViewControllerView.swift */ = {isa = PBXFileReference; lastKnownFileType = sourcecode.swift; path = PokemonViewControllerView.swift; sourceTree = "<group>"; };
		0593FB92293F5CF300928992 /* MainViewController.swift */ = {isa = PBXFileReference; lastKnownFileType = sourcecode.swift; path = MainViewController.swift; sourceTree = "<group>"; };
		0593FB98293F666900928992 /* MoyaCacheable.swift */ = {isa = PBXFileReference; lastKnownFileType = sourcecode.swift; path = MoyaCacheable.swift; sourceTree = "<group>"; };
		0593FB9A293F668700928992 /* NavigationStepBackResponder.swift */ = {isa = PBXFileReference; lastKnownFileType = sourcecode.swift; path = NavigationStepBackResponder.swift; sourceTree = "<group>"; };
		0593FB9C293F66AB00928992 /* Dynamic.swift */ = {isa = PBXFileReference; lastKnownFileType = sourcecode.swift; path = Dynamic.swift; sourceTree = "<group>"; };
		0593FBA2293F670900928992 /* MainNavigationResponder.swift */ = {isa = PBXFileReference; lastKnownFileType = sourcecode.swift; path = MainNavigationResponder.swift; sourceTree = "<group>"; };
		0593FBA4293F673200928992 /* MainView.swift */ = {isa = PBXFileReference; lastKnownFileType = sourcecode.swift; path = MainView.swift; sourceTree = "<group>"; };
		0593FBAB293F6B8100928992 /* PokemonListPresenter.swift */ = {isa = PBXFileReference; lastKnownFileType = sourcecode.swift; path = PokemonListPresenter.swift; sourceTree = "<group>"; };
		0593FBAE293F6BBB00928992 /* PokemonListRepository.swift */ = {isa = PBXFileReference; lastKnownFileType = sourcecode.swift; path = PokemonListRepository.swift; sourceTree = "<group>"; };
		0593FBB0293F6BD200928992 /* PokemonListRemoteAPI.swift */ = {isa = PBXFileReference; lastKnownFileType = sourcecode.swift; path = PokemonListRemoteAPI.swift; sourceTree = "<group>"; };
		0593FBB4293F6C1B00928992 /* PokenonTestPokemonListRemoteAPI.swift */ = {isa = PBXFileReference; lastKnownFileType = sourcecode.swift; path = PokenonTestPokemonListRemoteAPI.swift; sourceTree = "<group>"; };
		0593FBB6293F6C6100928992 /* PokemonListNetworking.swift */ = {isa = PBXFileReference; lastKnownFileType = sourcecode.swift; path = PokemonListNetworking.swift; sourceTree = "<group>"; };
		0593FBB8293F6C7900928992 /* PokemonListNetworkingManager.swift */ = {isa = PBXFileReference; lastKnownFileType = sourcecode.swift; path = PokemonListNetworkingManager.swift; sourceTree = "<group>"; };
		0593FBBE293F6D1400928992 /* PokemonPresenter.swift */ = {isa = PBXFileReference; lastKnownFileType = sourcecode.swift; path = PokemonPresenter.swift; sourceTree = "<group>"; };
		0593FBC1293F6D5E00928992 /* PokemonNetworking.swift */ = {isa = PBXFileReference; lastKnownFileType = sourcecode.swift; path = PokemonNetworking.swift; sourceTree = "<group>"; };
		0593FBC3293F6E1100928992 /* PokemonNetworkingManager.swift */ = {isa = PBXFileReference; lastKnownFileType = sourcecode.swift; path = PokemonNetworkingManager.swift; sourceTree = "<group>"; };
		0593FBC6293F6E4200928992 /* PokemonRepository.swift */ = {isa = PBXFileReference; lastKnownFileType = sourcecode.swift; path = PokemonRepository.swift; sourceTree = "<group>"; };
		0593FBC8293F6E5B00928992 /* PokemonRemoteAPI.swift */ = {isa = PBXFileReference; lastKnownFileType = sourcecode.swift; path = PokemonRemoteAPI.swift; sourceTree = "<group>"; };
		0593FBCA293F6E7800928992 /* PokemonTestPokemonRemoteAPI.swift */ = {isa = PBXFileReference; lastKnownFileType = sourcecode.swift; path = PokemonTestPokemonRemoteAPI.swift; sourceTree = "<group>"; };
		0593FBCC293F744200928992 /* Info.plist */ = {isa = PBXFileReference; fileEncoding = 4; lastKnownFileType = text.plist.xml; path = Info.plist; sourceTree = "<group>"; };
		0B9158F858582047FD9DE139 /* Pods-PokemonTests.debug.xcconfig */ = {isa = PBXFileReference; includeInIndex = 1; lastKnownFileType = text.xcconfig; name = "Pods-PokemonTests.debug.xcconfig"; path = "Target Support Files/Pods-PokemonTests/Pods-PokemonTests.debug.xcconfig"; sourceTree = "<group>"; };
		0F7CDAECD1A5BE84727466CF /* Pods-Pokemon.debug.xcconfig */ = {isa = PBXFileReference; includeInIndex = 1; lastKnownFileType = text.xcconfig; name = "Pods-Pokemon.debug.xcconfig"; path = "Target Support Files/Pods-Pokemon/Pods-Pokemon.debug.xcconfig"; sourceTree = "<group>"; };
		34F277E05DD6A237D1295DC9 /* Pods_Pokemon_PokemonUITests.framework */ = {isa = PBXFileReference; explicitFileType = wrapper.framework; includeInIndex = 0; path = Pods_Pokemon_PokemonUITests.framework; sourceTree = BUILT_PRODUCTS_DIR; };
		3EAE112B93B69B7426398C55 /* Pods_PokemonTests.framework */ = {isa = PBXFileReference; explicitFileType = wrapper.framework; includeInIndex = 0; path = Pods_PokemonTests.framework; sourceTree = BUILT_PRODUCTS_DIR; };
		46BA3127EB0E64DB0341C99F /* Pods-Pokemon-PokemonUITests.debug.xcconfig */ = {isa = PBXFileReference; includeInIndex = 1; lastKnownFileType = text.xcconfig; name = "Pods-Pokemon-PokemonUITests.debug.xcconfig"; path = "Target Support Files/Pods-Pokemon-PokemonUITests/Pods-Pokemon-PokemonUITests.debug.xcconfig"; sourceTree = "<group>"; };
		5577E430EDAC4E50F1B89B70 /* Pods_Pokemon.framework */ = {isa = PBXFileReference; explicitFileType = wrapper.framework; includeInIndex = 0; path = Pods_Pokemon.framework; sourceTree = BUILT_PRODUCTS_DIR; };
		A6C3D1935472990645E45DA5 /* Pods-PokemonTests.release.xcconfig */ = {isa = PBXFileReference; includeInIndex = 1; lastKnownFileType = text.xcconfig; name = "Pods-PokemonTests.release.xcconfig"; path = "Target Support Files/Pods-PokemonTests/Pods-PokemonTests.release.xcconfig"; sourceTree = "<group>"; };
		DAABE43D3AA5EBB0A8237254 /* Pods-Pokemon-PokemonUITests.release.xcconfig */ = {isa = PBXFileReference; includeInIndex = 1; lastKnownFileType = text.xcconfig; name = "Pods-Pokemon-PokemonUITests.release.xcconfig"; path = "Target Support Files/Pods-Pokemon-PokemonUITests/Pods-Pokemon-PokemonUITests.release.xcconfig"; sourceTree = "<group>"; };
		DD6DE67DBDEA178772D79D8A /* Pods-Pokemon.release.xcconfig */ = {isa = PBXFileReference; includeInIndex = 1; lastKnownFileType = text.xcconfig; name = "Pods-Pokemon.release.xcconfig"; path = "Target Support Files/Pods-Pokemon/Pods-Pokemon.release.xcconfig"; sourceTree = "<group>"; };
/* End PBXFileReference section */

/* Begin PBXFrameworksBuildPhase section */
		0554DC61293F459B0092812F /* Frameworks */ = {
			isa = PBXFrameworksBuildPhase;
			buildActionMask = 2147483647;
			files = (
				AB8794C66790EF44BB59E392 /* Pods_Pokemon.framework in Frameworks */,
			);
			runOnlyForDeploymentPostprocessing = 0;
		};
		0554DC77293F459C0092812F /* Frameworks */ = {
			isa = PBXFrameworksBuildPhase;
			buildActionMask = 2147483647;
			files = (
				7D00F57C2F9DB757AB055A7E /* Pods_PokemonTests.framework in Frameworks */,
			);
			runOnlyForDeploymentPostprocessing = 0;
		};
		0554DC81293F459C0092812F /* Frameworks */ = {
			isa = PBXFrameworksBuildPhase;
			buildActionMask = 2147483647;
			files = (
				F31C80189FCC556DEACBFDD2 /* Pods_Pokemon_PokemonUITests.framework in Frameworks */,
			);
			runOnlyForDeploymentPostprocessing = 0;
		};
/* End PBXFrameworksBuildPhase section */

/* Begin PBXGroup section */
		030384A4E29AA0114FE3AFEE /* Pods */ = {
			isa = PBXGroup;
			children = (
				0F7CDAECD1A5BE84727466CF /* Pods-Pokemon.debug.xcconfig */,
				DD6DE67DBDEA178772D79D8A /* Pods-Pokemon.release.xcconfig */,
				46BA3127EB0E64DB0341C99F /* Pods-Pokemon-PokemonUITests.debug.xcconfig */,
				DAABE43D3AA5EBB0A8237254 /* Pods-Pokemon-PokemonUITests.release.xcconfig */,
				0B9158F858582047FD9DE139 /* Pods-PokemonTests.debug.xcconfig */,
				A6C3D1935472990645E45DA5 /* Pods-PokemonTests.release.xcconfig */,
			);
			path = Pods;
			sourceTree = "<group>";
		};
		0554DC5B293F459B0092812F = {
			isa = PBXGroup;
			children = (
				0554DC66293F459B0092812F /* Pokemon */,
				0554DC7D293F459C0092812F /* PokemonTests */,
				0554DC87293F459C0092812F /* PokemonUITests */,
				0554DC65293F459B0092812F /* Products */,
				030384A4E29AA0114FE3AFEE /* Pods */,
				082B37CDF0DC0311A51FD198 /* Frameworks */,
			);
			sourceTree = "<group>";
		};
		0554DC65293F459B0092812F /* Products */ = {
			isa = PBXGroup;
			children = (
				0554DC64293F459B0092812F /* Pokemon.app */,
				0554DC7A293F459C0092812F /* PokemonTests.xctest */,
				0554DC84293F459C0092812F /* PokemonUITests.xctest */,
			);
			name = Products;
			sourceTree = "<group>";
		};
		0554DC66293F459B0092812F /* Pokemon */ = {
			isa = PBXGroup;
			children = (
				0593FB94293F660F00928992 /* Core */,
				0554DCA4293F4C940092812F /* UI */,
				0554DC99293F499F0092812F /* Helpers */,
				0554DC98293F48AC0092812F /* Resources */,
				0554DC97293F48800092812F /* App */,
			);
			path = Pokemon;
			sourceTree = "<group>";
		};
		0554DC7D293F459C0092812F /* PokemonTests */ = {
			isa = PBXGroup;
			children = (
				0554DC7E293F459C0092812F /* PokemonTests.swift */,
			);
			path = PokemonTests;
			sourceTree = "<group>";
		};
		0554DC87293F459C0092812F /* PokemonUITests */ = {
			isa = PBXGroup;
			children = (
				0554DC88293F459C0092812F /* PokemonUITests.swift */,
				0554DC8A293F459C0092812F /* PokemonUITestsLaunchTests.swift */,
			);
			path = PokemonUITests;
			sourceTree = "<group>";
		};
		0554DC97293F48800092812F /* App */ = {
			isa = PBXGroup;
			children = (
				0554DC69293F459B0092812F /* SceneDelegate.swift */,
				0554DC67293F459B0092812F /* AppDelegate.swift */,
			);
			path = App;
			sourceTree = "<group>";
		};
		0554DC98293F48AC0092812F /* Resources */ = {
			isa = PBXGroup;
			children = (
				0554DC70293F459C0092812F /* Assets.xcassets */,
				0593FBCC293F744200928992 /* Info.plist */,
				0554DC72293F459C0092812F /* LaunchScreen.storyboard */,
			);
			path = Resources;
			sourceTree = "<group>";
		};
		0554DC99293F499F0092812F /* Helpers */ = {
			isa = PBXGroup;
			children = (
				0554DC9B293F49B90092812F /* Constant */,
				0554DC9A293F49A70092812F /* Extensions */,
			);
			path = Helpers;
			sourceTree = "<group>";
		};
		0554DC9A293F49A70092812F /* Extensions */ = {
			isa = PBXGroup;
			children = (
				0554DC9E293F49F10092812F /* UiViewController+Extension.swift */,
				0554DCA0293F4A2E0092812F /* UIView+Extension.swift */,
				0554DCA2293F4A4E0092812F /* UIImageView+Extension.swift */,
			);
			path = Extensions;
			sourceTree = "<group>";
		};
		0554DC9B293F49B90092812F /* Constant */ = {
			isa = PBXGroup;
			children = (
				0554DC9C293F49D40092812F /* Constants.swift */,
			);
			path = Constant;
			sourceTree = "<group>";
		};
		0554DCA4293F4C940092812F /* UI */ = {
			isa = PBXGroup;
			children = (
				0554DCAA293F4ED20092812F /* General */,
				0554DCA9293F4EC20092812F /* Pokemon */,
				0554DCA8293F4EB70092812F /* PokemonList */,
				0554DCA7293F4EAD0092812F /* Containers */,
				0554DCA6293F4EA00092812F /* Cell */,
				0554DCA5293F4E950092812F /* Main */,
			);
			path = UI;
			sourceTree = "<group>";
		};
		0554DCA5293F4E950092812F /* Main */ = {
			isa = PBXGroup;
			children = (
				0593FB92293F5CF300928992 /* MainViewController.swift */,
			);
			path = Main;
			sourceTree = "<group>";
		};
		0554DCA6293F4EA00092812F /* Cell */ = {
			isa = PBXGroup;
			children = (
				0554DCB0293F4F420092812F /* TableViewCell */,
			);
			path = Cell;
			sourceTree = "<group>";
		};
		0554DCA7293F4EAD0092812F /* Containers */ = {
			isa = PBXGroup;
			children = (
				0593FB88293F5BC700928992 /* PokemonDepentencyContainer.swift */,
			);
			path = Containers;
			sourceTree = "<group>";
		};
		0554DCA8293F4EB70092812F /* PokemonList */ = {
			isa = PBXGroup;
			children = (
				0593FB8A293F5C1B00928992 /* PokemonListViewController.swift */,
				0593FB8C293F5C2E00928992 /* PokemonListViewControllerView.swift */,
			);
			path = PokemonList;
			sourceTree = "<group>";
		};
		0554DCA9293F4EC20092812F /* Pokemon */ = {
			isa = PBXGroup;
			children = (
				0593FB8E293F5C8500928992 /* PokemonViewController.swift */,
				0593FB90293F5CA000928992 /* PokemonViewControllerView.swift */,
			);
			path = Pokemon;
			sourceTree = "<group>";
		};
		0554DCAA293F4ED20092812F /* General */ = {
			isa = PBXGroup;
			children = (
				0554DCAB293F4EE30092812F /* Nibless */,
			);
			path = General;
			sourceTree = "<group>";
		};
		0554DCAB293F4EE30092812F /* Nibless */ = {
			isa = PBXGroup;
			children = (
				0554DCAC293F4F010092812F /* NiblessViewController.swift */,
				0554DCAE293F4F1D0092812F /* NiblessView.swift */,
			);
			path = Nibless;
			sourceTree = "<group>";
		};
		0554DCB0293F4F420092812F /* TableViewCell */ = {
			isa = PBXGroup;
			children = (
				0554DCB1293F4F5A0092812F /* PokemonTableViewCell.swift */,
			);
			path = TableViewCell;
			sourceTree = "<group>";
		};
		0593FB94293F660F00928992 /* Core */ = {
			isa = PBXGroup;
			children = (
				0593FBBA293F6CD100928992 /* Pokemon */,
				0593FBA6293F6B3600928992 /* PokemonList */,
				0593FB9E293F66C200928992 /* Main */,
				0593FB95293F663B00928992 /* Generals */,
			);
			path = Core;
			sourceTree = "<group>";
		};
		0593FB95293F663B00928992 /* Generals */ = {
			isa = PBXGroup;
			children = (
				0593FB97293F664E00928992 /* DataModels */,
				0593FB96293F664600928992 /* Protocols */,
			);
			path = Generals;
			sourceTree = "<group>";
		};
		0593FB96293F664600928992 /* Protocols */ = {
			isa = PBXGroup;
			children = (
				0593FB98293F666900928992 /* MoyaCacheable.swift */,
				0593FB9A293F668700928992 /* NavigationStepBackResponder.swift */,
			);
			path = Protocols;
			sourceTree = "<group>";
		};
		0593FB97293F664E00928992 /* DataModels */ = {
			isa = PBXGroup;
			children = (
				0593FB9C293F66AB00928992 /* Dynamic.swift */,
			);
			path = DataModels;
			sourceTree = "<group>";
		};
		0593FB9E293F66C200928992 /* Main */ = {
			isa = PBXGroup;
			children = (
				0593FBA0293F66DB00928992 /* DataModels */,
				0593FB9F293F66D200928992 /* Protocols */,
			);
			path = Main;
			sourceTree = "<group>";
		};
		0593FB9F293F66D200928992 /* Protocols */ = {
			isa = PBXGroup;
			children = (
				0593FBA1293F66F100928992 /* Responders */,
			);
			path = Protocols;
			sourceTree = "<group>";
		};
		0593FBA0293F66DB00928992 /* DataModels */ = {
			isa = PBXGroup;
			children = (
				0593FBA4293F673200928992 /* MainView.swift */,
			);
			path = DataModels;
			sourceTree = "<group>";
		};
		0593FBA1293F66F100928992 /* Responders */ = {
			isa = PBXGroup;
			children = (
				0593FBA2293F670900928992 /* MainNavigationResponder.swift */,
			);
			path = Responders;
			sourceTree = "<group>";
		};
		0593FBA6293F6B3600928992 /* PokemonList */ = {
			isa = PBXGroup;
			children = (
				0593FBA9293F6B5900928992 /* Networking */,
				0593FBA8293F6B4D00928992 /* Repositories */,
				0593FBA7293F6B4500928992 /* Protocols */,
			);
			path = PokemonList;
			sourceTree = "<group>";
		};
		0593FBA7293F6B4500928992 /* Protocols */ = {
			isa = PBXGroup;
			children = (
				0593FBAA293F6B6300928992 /* Presenter */,
			);
			path = Protocols;
			sourceTree = "<group>";
		};
		0593FBA8293F6B4D00928992 /* Repositories */ = {
			isa = PBXGroup;
			children = (
				0593FBAD293F6BA100928992 /* APIRepository */,
			);
			path = Repositories;
			sourceTree = "<group>";
		};
		0593FBA9293F6B5900928992 /* Networking */ = {
			isa = PBXGroup;
			children = (
				0593FBB6293F6C6100928992 /* PokemonListNetworking.swift */,
				0593FBB8293F6C7900928992 /* PokemonListNetworkingManager.swift */,
			);
			path = Networking;
			sourceTree = "<group>";
		};
		0593FBAA293F6B6300928992 /* Presenter */ = {
			isa = PBXGroup;
			children = (
				0593FBAB293F6B8100928992 /* PokemonListPresenter.swift */,
			);
			path = Presenter;
			sourceTree = "<group>";
		};
		0593FBAD293F6BA100928992 /* APIRepository */ = {
			isa = PBXGroup;
			children = (
				0593FBAE293F6BBB00928992 /* PokemonListRepository.swift */,
				0593FBB0293F6BD200928992 /* PokemonListRemoteAPI.swift */,
				0593FBB4293F6C1B00928992 /* PokenonTestPokemonListRemoteAPI.swift */,
			);
			path = APIRepository;
			sourceTree = "<group>";
		};
		0593FBBA293F6CD100928992 /* Pokemon */ = {
			isa = PBXGroup;
			children = (
				0593FBC5293F6E2800928992 /* Repositories */,
				0593FBC0293F6D3E00928992 /* Networking */,
				0593FBBB293F6CEF00928992 /* Protocols */,
			);
			path = Pokemon;
			sourceTree = "<group>";
		};
		0593FBBB293F6CEF00928992 /* Protocols */ = {
			isa = PBXGroup;
			children = (
				0593FBBC293F6CF900928992 /* Presenter */,
			);
			path = Protocols;
			sourceTree = "<group>";
		};
		0593FBBC293F6CF900928992 /* Presenter */ = {
			isa = PBXGroup;
			children = (
				0593FBBE293F6D1400928992 /* PokemonPresenter.swift */,
			);
			path = Presenter;
			sourceTree = "<group>";
		};
		0593FBC0293F6D3E00928992 /* Networking */ = {
			isa = PBXGroup;
			children = (
				0593FBC1293F6D5E00928992 /* PokemonNetworking.swift */,
				0593FBC3293F6E1100928992 /* PokemonNetworkingManager.swift */,
			);
			path = Networking;
			sourceTree = "<group>";
		};
		0593FBC5293F6E2800928992 /* Repositories */ = {
			isa = PBXGroup;
			children = (
				0593FBC6293F6E4200928992 /* PokemonRepository.swift */,
				0593FBC8293F6E5B00928992 /* PokemonRemoteAPI.swift */,
				0593FBCA293F6E7800928992 /* PokemonTestPokemonRemoteAPI.swift */,
			);
			path = Repositories;
			sourceTree = "<group>";
		};
		082B37CDF0DC0311A51FD198 /* Frameworks */ = {
			isa = PBXGroup;
			children = (
				5577E430EDAC4E50F1B89B70 /* Pods_Pokemon.framework */,
				34F277E05DD6A237D1295DC9 /* Pods_Pokemon_PokemonUITests.framework */,
				3EAE112B93B69B7426398C55 /* Pods_PokemonTests.framework */,
			);
			name = Frameworks;
			sourceTree = "<group>";
		};
/* End PBXGroup section */

/* Begin PBXNativeTarget section */
		0554DC63293F459B0092812F /* Pokemon */ = {
			isa = PBXNativeTarget;
			buildConfigurationList = 0554DC8E293F459C0092812F /* Build configuration list for PBXNativeTarget "Pokemon" */;
			buildPhases = (
				36A7B140B5F8581DA31DD902 /* [CP] Check Pods Manifest.lock */,
				0554DC60293F459B0092812F /* Sources */,
				0554DC61293F459B0092812F /* Frameworks */,
				0554DC62293F459B0092812F /* Resources */,
				2EEA9937D2F794A12B2117F7 /* [CP] Embed Pods Frameworks */,
			);
			buildRules = (
			);
			dependencies = (
			);
			name = Pokemon;
			productName = Pokemon;
			productReference = 0554DC64293F459B0092812F /* Pokemon.app */;
			productType = "com.apple.product-type.application";
		};
		0554DC79293F459C0092812F /* PokemonTests */ = {
			isa = PBXNativeTarget;
			buildConfigurationList = 0554DC91293F459C0092812F /* Build configuration list for PBXNativeTarget "PokemonTests" */;
			buildPhases = (
				C1FBAE321A41A2D61FF13504 /* [CP] Check Pods Manifest.lock */,
				0554DC76293F459C0092812F /* Sources */,
				0554DC77293F459C0092812F /* Frameworks */,
				0554DC78293F459C0092812F /* Resources */,
			);
			buildRules = (
			);
			dependencies = (
				0554DC7C293F459C0092812F /* PBXTargetDependency */,
			);
			name = PokemonTests;
			productName = PokemonTests;
			productReference = 0554DC7A293F459C0092812F /* PokemonTests.xctest */;
			productType = "com.apple.product-type.bundle.unit-test";
		};
		0554DC83293F459C0092812F /* PokemonUITests */ = {
			isa = PBXNativeTarget;
			buildConfigurationList = 0554DC94293F459C0092812F /* Build configuration list for PBXNativeTarget "PokemonUITests" */;
			buildPhases = (
				6A2202A0204DEDC3BC6A2130 /* [CP] Check Pods Manifest.lock */,
				0554DC80293F459C0092812F /* Sources */,
				0554DC81293F459C0092812F /* Frameworks */,
				0554DC82293F459C0092812F /* Resources */,
				73BD67488994A35143365DA1 /* [CP] Embed Pods Frameworks */,
			);
			buildRules = (
			);
			dependencies = (
				0554DC86293F459C0092812F /* PBXTargetDependency */,
			);
			name = PokemonUITests;
			productName = PokemonUITests;
			productReference = 0554DC84293F459C0092812F /* PokemonUITests.xctest */;
			productType = "com.apple.product-type.bundle.ui-testing";
		};
/* End PBXNativeTarget section */

/* Begin PBXProject section */
		0554DC5C293F459B0092812F /* Project object */ = {
			isa = PBXProject;
			attributes = {
				BuildIndependentTargetsInParallel = 1;
				LastSwiftUpdateCheck = 1400;
				LastUpgradeCheck = 1400;
				TargetAttributes = {
					0554DC63293F459B0092812F = {
						CreatedOnToolsVersion = 14.0;
					};
					0554DC79293F459C0092812F = {
						CreatedOnToolsVersion = 14.0;
						TestTargetID = 0554DC63293F459B0092812F;
					};
					0554DC83293F459C0092812F = {
						CreatedOnToolsVersion = 14.0;
						TestTargetID = 0554DC63293F459B0092812F;
					};
				};
			};
			buildConfigurationList = 0554DC5F293F459B0092812F /* Build configuration list for PBXProject "Pokemon" */;
			compatibilityVersion = "Xcode 13.0";
			developmentRegion = en;
			hasScannedForEncodings = 0;
			knownRegions = (
				en,
				Base,
			);
			mainGroup = 0554DC5B293F459B0092812F;
			productRefGroup = 0554DC65293F459B0092812F /* Products */;
			projectDirPath = "";
			projectRoot = "";
			targets = (
				0554DC63293F459B0092812F /* Pokemon */,
				0554DC79293F459C0092812F /* PokemonTests */,
				0554DC83293F459C0092812F /* PokemonUITests */,
			);
		};
/* End PBXProject section */

/* Begin PBXResourcesBuildPhase section */
		0554DC62293F459B0092812F /* Resources */ = {
			isa = PBXResourcesBuildPhase;
			buildActionMask = 2147483647;
			files = (
				0554DC74293F459C0092812F /* LaunchScreen.storyboard in Resources */,
				0554DC71293F459C0092812F /* Assets.xcassets in Resources */,
			);
			runOnlyForDeploymentPostprocessing = 0;
		};
		0554DC78293F459C0092812F /* Resources */ = {
			isa = PBXResourcesBuildPhase;
			buildActionMask = 2147483647;
			files = (
			);
			runOnlyForDeploymentPostprocessing = 0;
		};
		0554DC82293F459C0092812F /* Resources */ = {
			isa = PBXResourcesBuildPhase;
			buildActionMask = 2147483647;
			files = (
			);
			runOnlyForDeploymentPostprocessing = 0;
		};
/* End PBXResourcesBuildPhase section */

/* Begin PBXShellScriptBuildPhase section */
		2EEA9937D2F794A12B2117F7 /* [CP] Embed Pods Frameworks */ = {
			isa = PBXShellScriptBuildPhase;
			buildActionMask = 2147483647;
			files = (
			);
			inputFileListPaths = (
				"${PODS_ROOT}/Target Support Files/Pods-Pokemon/Pods-Pokemon-frameworks-${CONFIGURATION}-input-files.xcfilelist",
			);
			name = "[CP] Embed Pods Frameworks";
			outputFileListPaths = (
				"${PODS_ROOT}/Target Support Files/Pods-Pokemon/Pods-Pokemon-frameworks-${CONFIGURATION}-output-files.xcfilelist",
			);
			runOnlyForDeploymentPostprocessing = 0;
			shellPath = /bin/sh;
			shellScript = "\"${PODS_ROOT}/Target Support Files/Pods-Pokemon/Pods-Pokemon-frameworks.sh\"\n";
			showEnvVarsInLog = 0;
		};
		36A7B140B5F8581DA31DD902 /* [CP] Check Pods Manifest.lock */ = {
			isa = PBXShellScriptBuildPhase;
			buildActionMask = 2147483647;
			files = (
			);
			inputFileListPaths = (
			);
			inputPaths = (
				"${PODS_PODFILE_DIR_PATH}/Podfile.lock",
				"${PODS_ROOT}/Manifest.lock",
			);
			name = "[CP] Check Pods Manifest.lock";
			outputFileListPaths = (
			);
			outputPaths = (
				"$(DERIVED_FILE_DIR)/Pods-Pokemon-checkManifestLockResult.txt",
			);
			runOnlyForDeploymentPostprocessing = 0;
			shellPath = /bin/sh;
			shellScript = "diff \"${PODS_PODFILE_DIR_PATH}/Podfile.lock\" \"${PODS_ROOT}/Manifest.lock\" > /dev/null\nif [ $? != 0 ] ; then\n    # print error to STDERR\n    echo \"error: The sandbox is not in sync with the Podfile.lock. Run 'pod install' or update your CocoaPods installation.\" >&2\n    exit 1\nfi\n# This output is used by Xcode 'outputs' to avoid re-running this script phase.\necho \"SUCCESS\" > \"${SCRIPT_OUTPUT_FILE_0}\"\n";
			showEnvVarsInLog = 0;
		};
		6A2202A0204DEDC3BC6A2130 /* [CP] Check Pods Manifest.lock */ = {
			isa = PBXShellScriptBuildPhase;
			buildActionMask = 2147483647;
			files = (
			);
			inputFileListPaths = (
			);
			inputPaths = (
				"${PODS_PODFILE_DIR_PATH}/Podfile.lock",
				"${PODS_ROOT}/Manifest.lock",
			);
			name = "[CP] Check Pods Manifest.lock";
			outputFileListPaths = (
			);
			outputPaths = (
				"$(DERIVED_FILE_DIR)/Pods-Pokemon-PokemonUITests-checkManifestLockResult.txt",
			);
			runOnlyForDeploymentPostprocessing = 0;
			shellPath = /bin/sh;
			shellScript = "diff \"${PODS_PODFILE_DIR_PATH}/Podfile.lock\" \"${PODS_ROOT}/Manifest.lock\" > /dev/null\nif [ $? != 0 ] ; then\n    # print error to STDERR\n    echo \"error: The sandbox is not in sync with the Podfile.lock. Run 'pod install' or update your CocoaPods installation.\" >&2\n    exit 1\nfi\n# This output is used by Xcode 'outputs' to avoid re-running this script phase.\necho \"SUCCESS\" > \"${SCRIPT_OUTPUT_FILE_0}\"\n";
			showEnvVarsInLog = 0;
		};
		73BD67488994A35143365DA1 /* [CP] Embed Pods Frameworks */ = {
			isa = PBXShellScriptBuildPhase;
			buildActionMask = 2147483647;
			files = (
			);
			inputFileListPaths = (
				"${PODS_ROOT}/Target Support Files/Pods-Pokemon-PokemonUITests/Pods-Pokemon-PokemonUITests-frameworks-${CONFIGURATION}-input-files.xcfilelist",
			);
			name = "[CP] Embed Pods Frameworks";
			outputFileListPaths = (
				"${PODS_ROOT}/Target Support Files/Pods-Pokemon-PokemonUITests/Pods-Pokemon-PokemonUITests-frameworks-${CONFIGURATION}-output-files.xcfilelist",
			);
			runOnlyForDeploymentPostprocessing = 0;
			shellPath = /bin/sh;
			shellScript = "\"${PODS_ROOT}/Target Support Files/Pods-Pokemon-PokemonUITests/Pods-Pokemon-PokemonUITests-frameworks.sh\"\n";
			showEnvVarsInLog = 0;
		};
		C1FBAE321A41A2D61FF13504 /* [CP] Check Pods Manifest.lock */ = {
			isa = PBXShellScriptBuildPhase;
			buildActionMask = 2147483647;
			files = (
			);
			inputFileListPaths = (
			);
			inputPaths = (
				"${PODS_PODFILE_DIR_PATH}/Podfile.lock",
				"${PODS_ROOT}/Manifest.lock",
			);
			name = "[CP] Check Pods Manifest.lock";
			outputFileListPaths = (
			);
			outputPaths = (
				"$(DERIVED_FILE_DIR)/Pods-PokemonTests-checkManifestLockResult.txt",
			);
			runOnlyForDeploymentPostprocessing = 0;
			shellPath = /bin/sh;
			shellScript = "diff \"${PODS_PODFILE_DIR_PATH}/Podfile.lock\" \"${PODS_ROOT}/Manifest.lock\" > /dev/null\nif [ $? != 0 ] ; then\n    # print error to STDERR\n    echo \"error: The sandbox is not in sync with the Podfile.lock. Run 'pod install' or update your CocoaPods installation.\" >&2\n    exit 1\nfi\n# This output is used by Xcode 'outputs' to avoid re-running this script phase.\necho \"SUCCESS\" > \"${SCRIPT_OUTPUT_FILE_0}\"\n";
			showEnvVarsInLog = 0;
		};
/* End PBXShellScriptBuildPhase section */

/* Begin PBXSourcesBuildPhase section */
		0554DC60293F459B0092812F /* Sources */ = {
			isa = PBXSourcesBuildPhase;
			buildActionMask = 2147483647;
			files = (
				0554DCB2293F4F5A0092812F /* PokemonTableViewCell.swift in Sources */,
				0593FB8D293F5C2E00928992 /* PokemonListViewControllerView.swift in Sources */,
				0554DCA3293F4A4E0092812F /* UIImageView+Extension.swift in Sources */,
				0593FBAC293F6B8100928992 /* PokemonListPresenter.swift in Sources */,
				0593FBB1293F6BD200928992 /* PokemonListRemoteAPI.swift in Sources */,
				0593FBB9293F6C7900928992 /* PokemonListNetworkingManager.swift in Sources */,
				0593FB9D293F66AB00928992 /* Dynamic.swift in Sources */,
				0593FBAF293F6BBB00928992 /* PokemonListRepository.swift in Sources */,
				0593FBC4293F6E1100928992 /* PokemonNetworkingManager.swift in Sources */,
				0593FB8F293F5C8500928992 /* PokemonViewController.swift in Sources */,
				0593FBA3293F670900928992 /* MainNavigationResponder.swift in Sources */,
				0593FBC7293F6E4200928992 /* PokemonRepository.swift in Sources */,
				0593FB9B293F668700928992 /* NavigationStepBackResponder.swift in Sources */,
				0554DC9F293F49F10092812F /* UiViewController+Extension.swift in Sources */,
				0554DC68293F459B0092812F /* AppDelegate.swift in Sources */,
				0593FB89293F5BC700928992 /* PokemonDepentencyContainer.swift in Sources */,
				0593FBB5293F6C1B00928992 /* PokenonTestPokemonListRemoteAPI.swift in Sources */,
				0593FBC2293F6D5E00928992 /* PokemonNetworking.swift in Sources */,
				0593FB91293F5CA000928992 /* PokemonViewControllerView.swift in Sources */,
				0554DC6A293F459B0092812F /* SceneDelegate.swift in Sources */,
				0593FBC9293F6E5B00928992 /* PokemonRemoteAPI.swift in Sources */,
				0593FB93293F5CF300928992 /* MainViewController.swift in Sources */,
				0593FBA5293F673200928992 /* MainView.swift in Sources */,
				0554DCA1293F4A2E0092812F /* UIView+Extension.swift in Sources */,
				0554DC9D293F49D40092812F /* Constants.swift in Sources */,
				0593FB99293F666900928992 /* MoyaCacheable.swift in Sources */,
				0554DCAD293F4F010092812F /* NiblessViewController.swift in Sources */,
				0593FBBF293F6D1400928992 /* PokemonPresenter.swift in Sources */,
				0593FBCB293F6E7800928992 /* PokemonTestPokemonRemoteAPI.swift in Sources */,
				0554DCAF293F4F1D0092812F /* NiblessView.swift in Sources */,
				0593FBB7293F6C6100928992 /* PokemonListNetworking.swift in Sources */,
				0593FB8B293F5C1B00928992 /* PokemonListViewController.swift in Sources */,
			);
			runOnlyForDeploymentPostprocessing = 0;
		};
		0554DC76293F459C0092812F /* Sources */ = {
			isa = PBXSourcesBuildPhase;
			buildActionMask = 2147483647;
			files = (
				0554DC7F293F459C0092812F /* PokemonTests.swift in Sources */,
			);
			runOnlyForDeploymentPostprocessing = 0;
		};
		0554DC80293F459C0092812F /* Sources */ = {
			isa = PBXSourcesBuildPhase;
			buildActionMask = 2147483647;
			files = (
				0554DC8B293F459C0092812F /* PokemonUITestsLaunchTests.swift in Sources */,
				0554DC89293F459C0092812F /* PokemonUITests.swift in Sources */,
			);
			runOnlyForDeploymentPostprocessing = 0;
		};
/* End PBXSourcesBuildPhase section */

/* Begin PBXTargetDependency section */
		0554DC7C293F459C0092812F /* PBXTargetDependency */ = {
			isa = PBXTargetDependency;
			target = 0554DC63293F459B0092812F /* Pokemon */;
			targetProxy = 0554DC7B293F459C0092812F /* PBXContainerItemProxy */;
		};
		0554DC86293F459C0092812F /* PBXTargetDependency */ = {
			isa = PBXTargetDependency;
			target = 0554DC63293F459B0092812F /* Pokemon */;
			targetProxy = 0554DC85293F459C0092812F /* PBXContainerItemProxy */;
		};
/* End PBXTargetDependency section */

/* Begin PBXVariantGroup section */
		0554DC72293F459C0092812F /* LaunchScreen.storyboard */ = {
			isa = PBXVariantGroup;
			children = (
				0554DC73293F459C0092812F /* Base */,
			);
			name = LaunchScreen.storyboard;
			sourceTree = "<group>";
		};
/* End PBXVariantGroup section */

/* Begin XCBuildConfiguration section */
		0554DC8C293F459C0092812F /* Debug */ = {
			isa = XCBuildConfiguration;
			buildSettings = {
				ALWAYS_SEARCH_USER_PATHS = NO;
				CLANG_ANALYZER_NONNULL = YES;
				CLANG_ANALYZER_NUMBER_OBJECT_CONVERSION = YES_AGGRESSIVE;
				CLANG_CXX_LANGUAGE_STANDARD = "gnu++20";
				CLANG_ENABLE_MODULES = YES;
				CLANG_ENABLE_OBJC_ARC = YES;
				CLANG_ENABLE_OBJC_WEAK = YES;
				CLANG_WARN_BLOCK_CAPTURE_AUTORELEASING = YES;
				CLANG_WARN_BOOL_CONVERSION = YES;
				CLANG_WARN_COMMA = YES;
				CLANG_WARN_CONSTANT_CONVERSION = YES;
				CLANG_WARN_DEPRECATED_OBJC_IMPLEMENTATIONS = YES;
				CLANG_WARN_DIRECT_OBJC_ISA_USAGE = YES_ERROR;
				CLANG_WARN_DOCUMENTATION_COMMENTS = YES;
				CLANG_WARN_EMPTY_BODY = YES;
				CLANG_WARN_ENUM_CONVERSION = YES;
				CLANG_WARN_INFINITE_RECURSION = YES;
				CLANG_WARN_INT_CONVERSION = YES;
				CLANG_WARN_NON_LITERAL_NULL_CONVERSION = YES;
				CLANG_WARN_OBJC_IMPLICIT_RETAIN_SELF = YES;
				CLANG_WARN_OBJC_LITERAL_CONVERSION = YES;
				CLANG_WARN_OBJC_ROOT_CLASS = YES_ERROR;
				CLANG_WARN_QUOTED_INCLUDE_IN_FRAMEWORK_HEADER = YES;
				CLANG_WARN_RANGE_LOOP_ANALYSIS = YES;
				CLANG_WARN_STRICT_PROTOTYPES = YES;
				CLANG_WARN_SUSPICIOUS_MOVE = YES;
				CLANG_WARN_UNGUARDED_AVAILABILITY = YES_AGGRESSIVE;
				CLANG_WARN_UNREACHABLE_CODE = YES;
				CLANG_WARN__DUPLICATE_METHOD_MATCH = YES;
				COPY_PHASE_STRIP = NO;
				DEBUG_INFORMATION_FORMAT = dwarf;
				ENABLE_STRICT_OBJC_MSGSEND = YES;
				ENABLE_TESTABILITY = YES;
				GCC_C_LANGUAGE_STANDARD = gnu11;
				GCC_DYNAMIC_NO_PIC = NO;
				GCC_NO_COMMON_BLOCKS = YES;
				GCC_OPTIMIZATION_LEVEL = 0;
				GCC_PREPROCESSOR_DEFINITIONS = (
					"DEBUG=1",
					"$(inherited)",
				);
				GCC_WARN_64_TO_32_BIT_CONVERSION = YES;
				GCC_WARN_ABOUT_RETURN_TYPE = YES_ERROR;
				GCC_WARN_UNDECLARED_SELECTOR = YES;
				GCC_WARN_UNINITIALIZED_AUTOS = YES_AGGRESSIVE;
				GCC_WARN_UNUSED_FUNCTION = YES;
				GCC_WARN_UNUSED_VARIABLE = YES;
				IPHONEOS_DEPLOYMENT_TARGET = 16.0;
				MTL_ENABLE_DEBUG_INFO = INCLUDE_SOURCE;
				MTL_FAST_MATH = YES;
				ONLY_ACTIVE_ARCH = YES;
				SDKROOT = iphoneos;
				SWIFT_ACTIVE_COMPILATION_CONDITIONS = DEBUG;
				SWIFT_OPTIMIZATION_LEVEL = "-Onone";
			};
			name = Debug;
		};
		0554DC8D293F459C0092812F /* Release */ = {
			isa = XCBuildConfiguration;
			buildSettings = {
				ALWAYS_SEARCH_USER_PATHS = NO;
				CLANG_ANALYZER_NONNULL = YES;
				CLANG_ANALYZER_NUMBER_OBJECT_CONVERSION = YES_AGGRESSIVE;
				CLANG_CXX_LANGUAGE_STANDARD = "gnu++20";
				CLANG_ENABLE_MODULES = YES;
				CLANG_ENABLE_OBJC_ARC = YES;
				CLANG_ENABLE_OBJC_WEAK = YES;
				CLANG_WARN_BLOCK_CAPTURE_AUTORELEASING = YES;
				CLANG_WARN_BOOL_CONVERSION = YES;
				CLANG_WARN_COMMA = YES;
				CLANG_WARN_CONSTANT_CONVERSION = YES;
				CLANG_WARN_DEPRECATED_OBJC_IMPLEMENTATIONS = YES;
				CLANG_WARN_DIRECT_OBJC_ISA_USAGE = YES_ERROR;
				CLANG_WARN_DOCUMENTATION_COMMENTS = YES;
				CLANG_WARN_EMPTY_BODY = YES;
				CLANG_WARN_ENUM_CONVERSION = YES;
				CLANG_WARN_INFINITE_RECURSION = YES;
				CLANG_WARN_INT_CONVERSION = YES;
				CLANG_WARN_NON_LITERAL_NULL_CONVERSION = YES;
				CLANG_WARN_OBJC_IMPLICIT_RETAIN_SELF = YES;
				CLANG_WARN_OBJC_LITERAL_CONVERSION = YES;
				CLANG_WARN_OBJC_ROOT_CLASS = YES_ERROR;
				CLANG_WARN_QUOTED_INCLUDE_IN_FRAMEWORK_HEADER = YES;
				CLANG_WARN_RANGE_LOOP_ANALYSIS = YES;
				CLANG_WARN_STRICT_PROTOTYPES = YES;
				CLANG_WARN_SUSPICIOUS_MOVE = YES;
				CLANG_WARN_UNGUARDED_AVAILABILITY = YES_AGGRESSIVE;
				CLANG_WARN_UNREACHABLE_CODE = YES;
				CLANG_WARN__DUPLICATE_METHOD_MATCH = YES;
				COPY_PHASE_STRIP = NO;
				DEBUG_INFORMATION_FORMAT = "dwarf-with-dsym";
				ENABLE_NS_ASSERTIONS = NO;
				ENABLE_STRICT_OBJC_MSGSEND = YES;
				GCC_C_LANGUAGE_STANDARD = gnu11;
				GCC_NO_COMMON_BLOCKS = YES;
				GCC_WARN_64_TO_32_BIT_CONVERSION = YES;
				GCC_WARN_ABOUT_RETURN_TYPE = YES_ERROR;
				GCC_WARN_UNDECLARED_SELECTOR = YES;
				GCC_WARN_UNINITIALIZED_AUTOS = YES_AGGRESSIVE;
				GCC_WARN_UNUSED_FUNCTION = YES;
				GCC_WARN_UNUSED_VARIABLE = YES;
				IPHONEOS_DEPLOYMENT_TARGET = 16.0;
				MTL_ENABLE_DEBUG_INFO = NO;
				MTL_FAST_MATH = YES;
				SDKROOT = iphoneos;
				SWIFT_COMPILATION_MODE = wholemodule;
				SWIFT_OPTIMIZATION_LEVEL = "-O";
				VALIDATE_PRODUCT = YES;
			};
			name = Release;
		};
		0554DC8F293F459C0092812F /* Debug */ = {
			isa = XCBuildConfiguration;
			baseConfigurationReference = 0F7CDAECD1A5BE84727466CF /* Pods-Pokemon.debug.xcconfig */;
			buildSettings = {
				ASSETCATALOG_COMPILER_APPICON_NAME = AppIcon;
				ASSETCATALOG_COMPILER_GLOBAL_ACCENT_COLOR_NAME = AccentColor;
				CODE_SIGN_STYLE = Automatic;
				CURRENT_PROJECT_VERSION = 1;
				DEVELOPMENT_TEAM = XHSZKMHDMF;
				GENERATE_INFOPLIST_FILE = YES;
				INFOPLIST_FILE = Pokemon/Resources/Info.plist;
				INFOPLIST_KEY_UIApplicationSupportsIndirectInputEvents = YES;
				INFOPLIST_KEY_UILaunchStoryboardName = LaunchScreen;
				INFOPLIST_KEY_UISupportedInterfaceOrientations_iPad = "UIInterfaceOrientationPortrait UIInterfaceOrientationPortraitUpsideDown UIInterfaceOrientationLandscapeLeft UIInterfaceOrientationLandscapeRight";
				INFOPLIST_KEY_UISupportedInterfaceOrientations_iPhone = "UIInterfaceOrientationPortrait UIInterfaceOrientationLandscapeLeft UIInterfaceOrientationLandscapeRight";
				LD_RUNPATH_SEARCH_PATHS = (
					"$(inherited)",
					"@executable_path/Frameworks",
				);
				MARKETING_VERSION = 1.0;
				PRODUCT_BUNDLE_IDENTIFIER = SashaZ.Pokemon;
				PRODUCT_NAME = "$(TARGET_NAME)";
				SWIFT_EMIT_LOC_STRINGS = YES;
				SWIFT_VERSION = 5.0;
				TARGETED_DEVICE_FAMILY = "1,2";
			};
			name = Debug;
		};
		0554DC90293F459C0092812F /* Release */ = {
			isa = XCBuildConfiguration;
			baseConfigurationReference = DD6DE67DBDEA178772D79D8A /* Pods-Pokemon.release.xcconfig */;
			buildSettings = {
				ASSETCATALOG_COMPILER_APPICON_NAME = AppIcon;
				ASSETCATALOG_COMPILER_GLOBAL_ACCENT_COLOR_NAME = AccentColor;
				CODE_SIGN_STYLE = Automatic;
				CURRENT_PROJECT_VERSION = 1;
				DEVELOPMENT_TEAM = XHSZKMHDMF;
				GENERATE_INFOPLIST_FILE = YES;
				INFOPLIST_FILE = Pokemon/Resources/Info.plist;
				INFOPLIST_KEY_UIApplicationSupportsIndirectInputEvents = YES;
				INFOPLIST_KEY_UILaunchStoryboardName = LaunchScreen;
				INFOPLIST_KEY_UISupportedInterfaceOrientations_iPad = "UIInterfaceOrientationPortrait UIInterfaceOrientationPortraitUpsideDown UIInterfaceOrientationLandscapeLeft UIInterfaceOrientationLandscapeRight";
				INFOPLIST_KEY_UISupportedInterfaceOrientations_iPhone = "UIInterfaceOrientationPortrait UIInterfaceOrientationLandscapeLeft UIInterfaceOrientationLandscapeRight";
				LD_RUNPATH_SEARCH_PATHS = (
					"$(inherited)",
					"@executable_path/Frameworks",
				);
				MARKETING_VERSION = 1.0;
				PRODUCT_BUNDLE_IDENTIFIER = SashaZ.Pokemon;
				PRODUCT_NAME = "$(TARGET_NAME)";
				SWIFT_EMIT_LOC_STRINGS = YES;
				SWIFT_VERSION = 5.0;
				TARGETED_DEVICE_FAMILY = "1,2";
			};
			name = Release;
		};
		0554DC92293F459C0092812F /* Debug */ = {
			isa = XCBuildConfiguration;
			baseConfigurationReference = 0B9158F858582047FD9DE139 /* Pods-PokemonTests.debug.xcconfig */;
			buildSettings = {
				ALWAYS_EMBED_SWIFT_STANDARD_LIBRARIES = YES;
				BUNDLE_LOADER = "$(TEST_HOST)";
				CODE_SIGN_STYLE = Automatic;
				CURRENT_PROJECT_VERSION = 1;
				DEVELOPMENT_TEAM = XHSZKMHDMF;
				GENERATE_INFOPLIST_FILE = YES;
				IPHONEOS_DEPLOYMENT_TARGET = 16.0;
				MARKETING_VERSION = 1.0;
				PRODUCT_BUNDLE_IDENTIFIER = SashaZ.PokemonTests;
				PRODUCT_NAME = "$(TARGET_NAME)";
				SWIFT_EMIT_LOC_STRINGS = NO;
				SWIFT_VERSION = 5.0;
				TARGETED_DEVICE_FAMILY = "1,2";
				TEST_HOST = "$(BUILT_PRODUCTS_DIR)/Pokemon.app/$(BUNDLE_EXECUTABLE_FOLDER_PATH)/Pokemon";
			};
			name = Debug;
		};
		0554DC93293F459C0092812F /* Release */ = {
			isa = XCBuildConfiguration;
			baseConfigurationReference = A6C3D1935472990645E45DA5 /* Pods-PokemonTests.release.xcconfig */;
			buildSettings = {
				ALWAYS_EMBED_SWIFT_STANDARD_LIBRARIES = YES;
				BUNDLE_LOADER = "$(TEST_HOST)";
				CODE_SIGN_STYLE = Automatic;
				CURRENT_PROJECT_VERSION = 1;
				DEVELOPMENT_TEAM = XHSZKMHDMF;
				GENERATE_INFOPLIST_FILE = YES;
				IPHONEOS_DEPLOYMENT_TARGET = 16.0;
				MARKETING_VERSION = 1.0;
				PRODUCT_BUNDLE_IDENTIFIER = SashaZ.PokemonTests;
				PRODUCT_NAME = "$(TARGET_NAME)";
				SWIFT_EMIT_LOC_STRINGS = NO;
				SWIFT_VERSION = 5.0;
				TARGETED_DEVICE_FAMILY = "1,2";
				TEST_HOST = "$(BUILT_PRODUCTS_DIR)/Pokemon.app/$(BUNDLE_EXECUTABLE_FOLDER_PATH)/Pokemon";
			};
			name = Release;
		};
		0554DC95293F459C0092812F /* Debug */ = {
			isa = XCBuildConfiguration;
			baseConfigurationReference = 46BA3127EB0E64DB0341C99F /* Pods-Pokemon-PokemonUITests.debug.xcconfig */;
			buildSettings = {
				ALWAYS_EMBED_SWIFT_STANDARD_LIBRARIES = YES;
				CODE_SIGN_STYLE = Automatic;
				CURRENT_PROJECT_VERSION = 1;
				DEVELOPMENT_TEAM = XHSZKMHDMF;
				GENERATE_INFOPLIST_FILE = YES;
				MARKETING_VERSION = 1.0;
				PRODUCT_BUNDLE_IDENTIFIER = SashaZ.PokemonUITests;
				PRODUCT_NAME = "$(TARGET_NAME)";
				SWIFT_EMIT_LOC_STRINGS = NO;
				SWIFT_VERSION = 5.0;
				TARGETED_DEVICE_FAMILY = "1,2";
				TEST_TARGET_NAME = Pokemon;
			};
			name = Debug;
		};
		0554DC96293F459C0092812F /* Release */ = {
			isa = XCBuildConfiguration;
			baseConfigurationReference = DAABE43D3AA5EBB0A8237254 /* Pods-Pokemon-PokemonUITests.release.xcconfig */;
			buildSettings = {
				ALWAYS_EMBED_SWIFT_STANDARD_LIBRARIES = YES;
				CODE_SIGN_STYLE = Automatic;
				CURRENT_PROJECT_VERSION = 1;
				DEVELOPMENT_TEAM = XHSZKMHDMF;
				GENERATE_INFOPLIST_FILE = YES;
				MARKETING_VERSION = 1.0;
				PRODUCT_BUNDLE_IDENTIFIER = SashaZ.PokemonUITests;
				PRODUCT_NAME = "$(TARGET_NAME)";
				SWIFT_EMIT_LOC_STRINGS = NO;
				SWIFT_VERSION = 5.0;
				TARGETED_DEVICE_FAMILY = "1,2";
				TEST_TARGET_NAME = Pokemon;
			};
			name = Release;
		};
/* End XCBuildConfiguration section */

/* Begin XCConfigurationList section */
		0554DC5F293F459B0092812F /* Build configuration list for PBXProject "Pokemon" */ = {
			isa = XCConfigurationList;
			buildConfigurations = (
				0554DC8C293F459C0092812F /* Debug */,
				0554DC8D293F459C0092812F /* Release */,
			);
			defaultConfigurationIsVisible = 0;
			defaultConfigurationName = Release;
		};
		0554DC8E293F459C0092812F /* Build configuration list for PBXNativeTarget "Pokemon" */ = {
			isa = XCConfigurationList;
			buildConfigurations = (
				0554DC8F293F459C0092812F /* Debug */,
				0554DC90293F459C0092812F /* Release */,
			);
			defaultConfigurationIsVisible = 0;
			defaultConfigurationName = Release;
		};
		0554DC91293F459C0092812F /* Build configuration list for PBXNativeTarget "PokemonTests" */ = {
			isa = XCConfigurationList;
			buildConfigurations = (
				0554DC92293F459C0092812F /* Debug */,
				0554DC93293F459C0092812F /* Release */,
			);
			defaultConfigurationIsVisible = 0;
			defaultConfigurationName = Release;
		};
		0554DC94293F459C0092812F /* Build configuration list for PBXNativeTarget "PokemonUITests" */ = {
			isa = XCConfigurationList;
			buildConfigurations = (
				0554DC95293F459C0092812F /* Debug */,
				0554DC96293F459C0092812F /* Release */,
			);
			defaultConfigurationIsVisible = 0;
			defaultConfigurationName = Release;
		};
/* End XCConfigurationList section */
	};
	rootObject = 0554DC5C293F459B0092812F /* Project object */;
}
